<?xml version="1.0" encoding="UTF-8" standalone="yes" ?>
<CodeBlocks_project_file>
	<FileVersion major="1" minor="6" />
	<Project>
		<Option title="TIMEngine" />
		<Option pch_mode="2" />
		<Option compiler="gcc" />
		<Build>
			<Target title="Debug">
				<Option output="bin/Debug/TIMEngine" prefix_auto="1" extension_auto="1" />
				<Option object_output="obj/Debug/" />
				<Option type="1" />
				<Option compiler="gcc" />
				<Compiler>
					<Add option="-g" />
				</Compiler>
			</Target>
			<Target title="Release">
				<Option output="bin/Release/TIMEngine" prefix_auto="1" extension_auto="1" />
				<Option object_output="obj/Release/" />
				<Option type="1" />
				<Option compiler="gcc" />
				<Compiler>
					<Add option="-O2" />
				</Compiler>
				<Linker>
					<Add option="-s" />
				</Linker>
			</Target>
		</Build>
		<Compiler>
			<Add option="-std=c++11" />
			<Add option="-Wall" />
			<Add option="-DTIM_DEBUG" />
			<Add directory="TIMEngine" />
		</Compiler>
		<Unit filename="TIMEngine/core/Exception.h" />
		<Unit filename="TIMEngine/core/Logger.h" />
		<Unit filename="TIMEngine/core/Math.cpp" />
		<Unit filename="TIMEngine/core/Math.h" />
		<Unit filename="TIMEngine/core/Matrix.h" />
		<Unit filename="TIMEngine/core/MemoryLogger.cpp" />
		<Unit filename="TIMEngine/core/MemoryLogger.h" />
		<Unit filename="TIMEngine/core/MemoryLoggerOff.h" />
		<Unit filename="TIMEngine/core/MemoryLoggerOn.h" />
		<Unit filename="TIMEngine/core/Option.h" />
		<Unit filename="TIMEngine/core/Singleton.h" />
		<Unit filename="TIMEngine/core/StringUtils.cpp" />
		<Unit filename="TIMEngine/core/StringUtils.h" />
		<Unit filename="TIMEngine/core/Vector.h" />
		<Unit filename="TIMEngine/core/core.cpp" />
		<Unit filename="TIMEngine/core/core.h" />
		<Unit filename="main.cpp" />
		<Extensions>
			<code_completion />
			<envvars />
			<debugger />
			<lib_finder disable_auto="1" />
		</Extensions>
	</Project>
</CodeBlocks_project_file>
