<?xml version="1.0" encoding="UTF-8" standalone="yes" ?>
<CodeBlocks_project_file>
	<FileVersion major="1" minor="6" />
	<Project>
		<Option title="TIMEngine" />
		<Option pch_mode="2" />
		<Option compiler="gcc" />
		<Build>
			<Target title="Debug">
				<Option output="bin/Debug/TIMEngine" prefix_auto="1" extension_auto="1" />
				<Option object_output="obj/Debug/" />
				<Option type="1" />
				<Option compiler="gcc" />
				<Compiler>
					<Add option="-g" />
					<Add option="-DTIM_DEBUG" />
				</Compiler>
			</Target>
			<Target title="Release">
				<Option output="bin/Release/TIMEngine" prefix_auto="1" extension_auto="1" />
				<Option object_output="obj/Release/" />
				<Option type="1" />
				<Option compiler="gcc" />
				<Compiler>
					<Add option="-fomit-frame-pointer" />
					<Add option="-fexpensive-optimizations" />
					<Add option="-O3" />
				</Compiler>
				<Linker>
					<Add option="-s" />
					<Add option="-O3" />
					<Add option="-flto" />
				</Linker>
			</Target>
		</Build>
		<Compiler>
			<Add option="-std=c++11" />
			<Add option="-flto" />
			<Add directory="TIMEngine" />
			<Add directory="TIMEngine/core" />
			<Add directory="../Lib/boost" />
		</Compiler>
		<Linker>
			<Add library="..\Lib\boost\boost-mingw\boost\bin.v2\libs\system\build\gcc-mingw-4.7.1\release\threading-multi\libboost_system-mgw47-mt-1_55.dll.a" />
			<Add library="..\Lib\boost\boost-mingw\boost\bin.v2\libs\thread\build\gcc-mingw-4.7.1\release\threading-multi\libboost_thread-mgw47-mt-1_55.dll.a" />
			<Add library="..\Lib\boost\boost-mingw\boost\bin.v2\libs\atomic\build\gcc-mingw-4.7.1\release\threading-multi\libboost_atomic-mgw47-mt-1_55.dll.a" />
			<Add library="..\Lib\boost\boost-mingw\boost\bin.v2\libs\timer\build\gcc-mingw-4.7.1\release\threading-multi\libboost_timer-mgw47-mt-1_55.dll.a" />
		</Linker>
		<Unit filename="TIMEngine/core/Exception.h" />
		<Unit filename="TIMEngine/core/Logger.h" />
		<Unit filename="TIMEngine/core/Matrix.h" />
		<Unit filename="TIMEngine/core/MemoryLogger.cpp" />
		<Unit filename="TIMEngine/core/MemoryLogger.h" />
		<Unit filename="TIMEngine/core/MemoryLoggerOff.h" />
		<Unit filename="TIMEngine/core/MemoryLoggerOn.h" />
		<Unit filename="TIMEngine/core/Option.h" />
		<Unit filename="TIMEngine/core/Rand.cpp" />
		<Unit filename="TIMEngine/core/Rand.h" />
		<Unit filename="TIMEngine/core/Singleton.h" />
		<Unit filename="TIMEngine/core/StringUtils.h" />
		<Unit filename="TIMEngine/core/Timath.h" />
		<Unit filename="TIMEngine/core/Vector.h" />
		<Unit filename="TIMEngine/core/core.cpp" />
		<Unit filename="TIMEngine/core/core.h" />
		<Unit filename="TIMEngine/core/type.h" />
		<Unit filename="TIMEngine/scene/ArraySceneContainer.h" />
		<Unit filename="TIMEngine/scene/BoundingVolume.h" />
		<Unit filename="TIMEngine/scene/Box.cpp" />
		<Unit filename="TIMEngine/scene/Box.h" />
		<Unit filename="TIMEngine/scene/Intersection.h" />
		<Unit filename="TIMEngine/scene/OctreeNode.cpp" />
		<Unit filename="TIMEngine/scene/OctreeNode.h" />
		<Unit filename="TIMEngine/scene/OrientedBox.cpp" />
		<Unit filename="TIMEngine/scene/OrientedBox.h" />
		<Unit filename="TIMEngine/scene/SceneContainer.h" />
		<Unit filename="TIMEngine/scene/SceneManager.cpp" />
		<Unit filename="TIMEngine/scene/SceneManager.h" />
		<Unit filename="TIMEngine/scene/Sphere.cpp" />
		<Unit filename="TIMEngine/scene/Sphere.h" />
		<Unit filename="TIMEngine/scene/Transformable.cpp" />
		<Unit filename="TIMEngine/scene/Transformable.h" />
		<Unit filename="TIMEngine/scene/scene.h" />
		<Unit filename="main.cpp" />
		<Extensions>
			<code_completion />
			<envvars />
			<debugger />
			<lib_finder disable_auto="1" />
		</Extensions>
	</Project>
</CodeBlocks_project_file>
